Microsoft Visual Studio Solution File, Format Version 12.00
# Visual Studio 2012
Project("{FAE04EC0-301F-11D3-BF4B-00C04F79EFBC}") = "Cacodemon", "Cacodemon.csproj", "{CEC1455E-7AEF-4C9E-85B6-9F1A4AC95B6D}"
EndProject
Global
	GlobalSection(SolutionConfigurationPlatforms) = preSolution
	Debug|Any CPU = Debug|Any CPU
	ExportDebug|Any CPU = ExportDebug|Any CPU
	ExportRelease|Any CPU = ExportRelease|Any CPU
	EndGlobalSection
	GlobalSection(ProjectConfigurationPlatforms) = postSolution
		{CEC1455E-7AEF-4C9E-85B6-9F1A4AC95B6D}.Debug|Any CPU.ActiveCfg = Debug|Any CPU
		{CEC1455E-7AEF-4C9E-85B6-9F1A4AC95B6D}.Debug|Any CPU.Build.0 = Debug|Any CPU
		{CEC1455E-7AEF-4C9E-85B6-9F1A4AC95B6D}.ExportDebug|Any CPU.ActiveCfg = ExportDebug|Any CPU
		{CEC1455E-7AEF-4C9E-85B6-9F1A4AC95B6D}.ExportDebug|Any CPU.Build.0 = ExportDebug|Any CPU
		{CEC1455E-7AEF-4C9E-85B6-9F1A4AC95B6D}.ExportRelease|Any CPU.ActiveCfg = ExportRelease|Any CPU
		{CEC1455E-7AEF-4C9E-85B6-9F1A4AC95B6D}.ExportRelease|Any CPU.Build.0 = ExportRelease|Any CPU
	EndGlobalSection
EndGlobal
